
Microsoft Visual Studio Solution File, Format Version 12.00
# Visual Studio Version 17
VisualStudioVersion = 17.4.33403.182
MinimumVisualStudioVersion = 10.0.40219.1
Project("{FAE04EC0-301F-11D3-BF4B-00C04F79EFBC}") = "FuzzyLogic", "FuzzyLogic\FuzzyLogic.csproj", "{57BD3313-306C-44B4-B330-20CFA78A6E33}"
EndProject
Global
	GlobalSection(SolutionConfigurationPlatforms) = preSolution
		Debug|Any CPU = Debug|Any CPU
		Release|Any CPU = Release|Any CPU
	EndGlobalSection
	GlobalSection(ProjectConfigurationPlatforms) = postSolution
		{57BD3313-306C-44B4-B330-20CFA78A6E33}.Debug|Any CPU.ActiveCfg = Debug|Any CPU
		{57BD3313-306C-44B4-B330-20CFA78A6E33}.Debug|Any CPU.Build.0 = Debug|Any CPU
		{57BD3313-306C-44B4-B330-20CFA78A6E33}.Release|Any CPU.ActiveCfg = Release|Any CPU
		{57BD3313-306C-44B4-B330-20CFA78A6E33}.Release|Any CPU.Build.0 = Release|Any CPU
	EndGlobalSection
	GlobalSection(SolutionProperties) = preSolution
		HideSolutionNode = FALSE
	EndGlobalSection
	GlobalSection(ExtensibilityGlobals) = postSolution
		SolutionGuid = {0A9E22F2-9D65-4483-AAAC-023EE5C100D6}
	EndGlobalSection
EndGlobal
